
Microsoft Visual Studio Solution File, Format Version 12.00
# Visual Studio Version 16
VisualStudioVersion = 16.0.29613.14
MinimumVisualStudioVersion = 10.0.40219.1
Project("{FAE04EC0-301F-11D3-BF4B-00C04F79EFBC}") = "AbstractExercise", "AbstractExercise\AbstractExercise.csproj", "{395F872E-236F-4175-8BC8-DFC2D15F41F2}"
EndProject
Global
	GlobalSection(SolutionConfigurationPlatforms) = preSolution
		Debug|Any CPU = Debug|Any CPU
		Release|Any CPU = Release|Any CPU
	EndGlobalSection
	GlobalSection(ProjectConfigurationPlatforms) = postSolution
		{395F872E-236F-4175-8BC8-DFC2D15F41F2}.Debug|Any CPU.ActiveCfg = Debug|Any CPU
		{395F872E-236F-4175-8BC8-DFC2D15F41F2}.Debug|Any CPU.Build.0 = Debug|Any CPU
		{395F872E-236F-4175-8BC8-DFC2D15F41F2}.Release|Any CPU.ActiveCfg = Release|Any CPU
		{395F872E-236F-4175-8BC8-DFC2D15F41F2}.Release|Any CPU.Build.0 = Release|Any CPU
	EndGlobalSection
	GlobalSection(SolutionProperties) = preSolution
		HideSolutionNode = FALSE
	EndGlobalSection
	GlobalSection(ExtensibilityGlobals) = postSolution
		SolutionGuid = {33F2DDAE-386B-4279-8F84-A0BF0049C7E9}
	EndGlobalSection
EndGlobal
